
Microsoft Visual Studio Solution File, Format Version 12.00
Project("{2150E333-8FDC-42A3-9474-1A3956D46DE8}") = "src", "src", "{2E6BFE6E-DB67-4084-ADE0-217B074D8E25}"
EndProject
Project("{FAE04EC0-301F-11D3-BF4B-00C04F79EFBC}") = "API", "src\API\API.csproj", "{364CE0BB-82D8-4FC8-9973-9E18C6BEBBDA}"
EndProject
Project("{FAE04EC0-301F-11D3-BF4B-00C04F79EFBC}") = "Application", "src\Application\Application.csproj", "{49F2F1B5-9FDE-4A23-80F2-898AC3AF84B3}"
EndProject
Project("{FAE04EC0-301F-11D3-BF4B-00C04F79EFBC}") = "Domain", "src\Domain\Domain.csproj", "{22F903E1-A4DC-4CE0-8E6A-9DFBD7447329}"
EndProject
Project("{FAE04EC0-301F-11D3-BF4B-00C04F79EFBC}") = "Infrastructure", "src\Infrastructure\Infrastructure.csproj", "{B1751E74-37E3-40F5-A626-1D688495B118}"
EndProject
Project("{2150E333-8FDC-42A3-9474-1A3956D46DE8}") = "tests", "tests", "{4355C245-DA44-4CE3-AA8C-A1408B915AC2}"
EndProject
Project("{FAE04EC0-301F-11D3-BF4B-00C04F79EFBC}") = "Application.UnitTests", "tests\Application.UnitTests\Application.UnitTests.csproj", "{DF8804C6-3823-4AE6-BAD1-F0645A02499D}"
EndProject
Project("{FAE04EC0-301F-11D3-BF4B-00C04F79EFBC}") = "Domain.UnitTests", "tests\Domain.UnitTests\Domain.UnitTests.csproj", "{83F781D4-3D68-4D0B-9387-40D546A8CA0B}"
EndProject
Project("{FAE04EC0-301F-11D3-BF4B-00C04F79EFBC}") = "Infrastructure.IntegrationTests", "tests\Infrastructure.IntegrationTests\Infrastructure.IntegrationTests.csproj", "{F2E896D9-0B2B-4ACF-9ADA-BE05A438CEE2}"
EndProject
Global
	GlobalSection(SolutionConfigurationPlatforms) = preSolution
		Debug|Any CPU = Debug|Any CPU
		Release|Any CPU = Release|Any CPU
	EndGlobalSection
	GlobalSection(ProjectConfigurationPlatforms) = postSolution
		{364CE0BB-82D8-4FC8-9973-9E18C6BEBBDA}.Debug|Any CPU.ActiveCfg = Debug|Any CPU
		{364CE0BB-82D8-4FC8-9973-9E18C6BEBBDA}.Debug|Any CPU.Build.0 = Debug|Any CPU
		{364CE0BB-82D8-4FC8-9973-9E18C6BEBBDA}.Release|Any CPU.ActiveCfg = Release|Any CPU
		{364CE0BB-82D8-4FC8-9973-9E18C6BEBBDA}.Release|Any CPU.Build.0 = Release|Any CPU
		{49F2F1B5-9FDE-4A23-80F2-898AC3AF84B3}.Debug|Any CPU.ActiveCfg = Debug|Any CPU
		{49F2F1B5-9FDE-4A23-80F2-898AC3AF84B3}.Debug|Any CPU.Build.0 = Debug|Any CPU
		{49F2F1B5-9FDE-4A23-80F2-898AC3AF84B3}.Release|Any CPU.ActiveCfg = Release|Any CPU
		{49F2F1B5-9FDE-4A23-80F2-898AC3AF84B3}.Release|Any CPU.Build.0 = Release|Any CPU
		{22F903E1-A4DC-4CE0-8E6A-9DFBD7447329}.Debug|Any CPU.ActiveCfg = Debug|Any CPU
		{22F903E1-A4DC-4CE0-8E6A-9DFBD7447329}.Debug|Any CPU.Build.0 = Debug|Any CPU
		{22F903E1-A4DC-4CE0-8E6A-9DFBD7447329}.Release|Any CPU.ActiveCfg = Release|Any CPU
		{22F903E1-A4DC-4CE0-8E6A-9DFBD7447329}.Release|Any CPU.Build.0 = Release|Any CPU
		{B1751E74-37E3-40F5-A626-1D688495B118}.Debug|Any CPU.ActiveCfg = Debug|Any CPU
		{B1751E74-37E3-40F5-A626-1D688495B118}.Debug|Any CPU.Build.0 = Debug|Any CPU
		{B1751E74-37E3-40F5-A626-1D688495B118}.Release|Any CPU.ActiveCfg = Release|Any CPU
		{B1751E74-37E3-40F5-A626-1D688495B118}.Release|Any CPU.Build.0 = Release|Any CPU
		{DF8804C6-3823-4AE6-BAD1-F0645A02499D}.Debug|Any CPU.ActiveCfg = Debug|Any CPU
		{DF8804C6-3823-4AE6-BAD1-F0645A02499D}.Debug|Any CPU.Build.0 = Debug|Any CPU
		{DF8804C6-3823-4AE6-BAD1-F0645A02499D}.Release|Any CPU.ActiveCfg = Release|Any CPU
		{DF8804C6-3823-4AE6-BAD1-F0645A02499D}.Release|Any CPU.Build.0 = Release|Any CPU
		{83F781D4-3D68-4D0B-9387-40D546A8CA0B}.Debug|Any CPU.ActiveCfg = Debug|Any CPU
		{83F781D4-3D68-4D0B-9387-40D546A8CA0B}.Debug|Any CPU.Build.0 = Debug|Any CPU
		{83F781D4-3D68-4D0B-9387-40D546A8CA0B}.Release|Any CPU.ActiveCfg = Release|Any CPU
		{83F781D4-3D68-4D0B-9387-40D546A8CA0B}.Release|Any CPU.Build.0 = Release|Any CPU
		{F2E896D9-0B2B-4ACF-9ADA-BE05A438CEE2}.Debug|Any CPU.ActiveCfg = Debug|Any CPU
		{F2E896D9-0B2B-4ACF-9ADA-BE05A438CEE2}.Debug|Any CPU.Build.0 = Debug|Any CPU
		{F2E896D9-0B2B-4ACF-9ADA-BE05A438CEE2}.Release|Any CPU.ActiveCfg = Release|Any CPU
		{F2E896D9-0B2B-4ACF-9ADA-BE05A438CEE2}.Release|Any CPU.Build.0 = Release|Any CPU
	EndGlobalSection
	GlobalSection(NestedProjects) = preSolution
		{364CE0BB-82D8-4FC8-9973-9E18C6BEBBDA} = {2E6BFE6E-DB67-4084-ADE0-217B074D8E25}
		{49F2F1B5-9FDE-4A23-80F2-898AC3AF84B3} = {2E6BFE6E-DB67-4084-ADE0-217B074D8E25}
		{22F903E1-A4DC-4CE0-8E6A-9DFBD7447329} = {2E6BFE6E-DB67-4084-ADE0-217B074D8E25}
		{B1751E74-37E3-40F5-A626-1D688495B118} = {2E6BFE6E-DB67-4084-ADE0-217B074D8E25}
		{DF8804C6-3823-4AE6-BAD1-F0645A02499D} = {4355C245-DA44-4CE3-AA8C-A1408B915AC2}
		{83F781D4-3D68-4D0B-9387-40D546A8CA0B} = {4355C245-DA44-4CE3-AA8C-A1408B915AC2}
		{F2E896D9-0B2B-4ACF-9ADA-BE05A438CEE2} = {4355C245-DA44-4CE3-AA8C-A1408B915AC2}
	EndGlobalSection
EndGlobal
